// !$*UTF8*$!
{
	archiveVersion = 1;
	classes = {
	};
	objectVersion = 56;
	objects = {

/* Begin PBXBuildFile section */
		C30538FE2F7DBE3200243833 /* HealthyCampus_4App.swift in Sources */ = {isa = PBXBuildFile; fileRef = C30538FD2F7DBE3200243833 /* HealthyCampus_4App.swift */; };
		C30539022F7DBE3C00243833 /* Assets.xcassets in Resources */ = {isa = PBXBuildFile; fileRef = C30539012F7DBE3C00243833 /* Assets.xcassets */; };
		C30539052F7DBE3C00243833 /* Preview Assets.xcassets in Resources */ = {isa = PBXBuildFile; fileRef = C30539042F7DBE3C00243833 /* Preview Assets.xcassets */; };
		C305390C2F7DBECE00243833 /* BreatheView.swift in Sources */ = {isa = PBXBuildFile; fileRef = C305390B2F7DBECE00243833 /* BreatheView.swift */; };
		C305390F2F7DBEF300243833 /* MainView.swift in Sources */ = {isa = PBXBuildFile; fileRef = C305390E2F7DBEF300243833 /* MainView.swift */; };
		C30539112F7DC12F00243833 /* ChaTvIEW.swift in Sources */ = {isa = PBXBuildFile; fileRef = C30539102F7DC12F00243833 /* ChaTvIEW.swift */; };
		C30539132F7DC28200243833 /* ExerciseView.swift in Sources */ = {isa = PBXBuildFile; fileRef = C30539122F7DC28100243833 /* ExerciseView.swift */; };
		C30539152F7DC2A000243833 /* SleepView.swift in Sources */ = {isa = PBXBuildFile; fileRef = C30539142F7DC2A000243833 /* SleepView.swift */; };
		C30539172F7DC2AD00243833 /* SplashView.swift in Sources */ = {isa = PBXBuildFile; fileRef = C30539162F7DC2AC00243833 /* SplashView.swift */; };
		C30539192F7DC2B800243833 /* StressorLogView.swift in Sources */ = {isa = PBXBuildFile; fileRef = C30539182F7DC2B700243833 /* StressorLogView.swift */; };
		C305391B2F7DC2E500243833 /* ContentView.swift in Sources */ = {isa = PBXBuildFile; fileRef = C305391A2F7DC2E500243833 /* ContentView.swift */; };
/* End PBXBuildFile section */

/* Begin PBXFileReference section */
		C30538FA2F7DBE3200243833 /* HealthyCampus-4.app */ = {isa = PBXFileReference; explicitFileType = wrapper.application; includeInIndex = 0; path = "HealthyCampus-4.app"; sourceTree = BUILT_PRODUCTS_DIR; };
		C30538FD2F7DBE3200243833 /* HealthyCampus_4App.swift */ = {isa = PBXFileReference; lastKnownFileType = sourcecode.swift; path = HealthyCampus_4App.swift; sourceTree = "<group>"; };
		C30539012F7DBE3C00243833 /* Assets.xcassets */ = {isa = PBXFileReference; lastKnownFileType = folder.assetcatalog; path = Assets.xcassets; sourceTree = "<group>"; };
		C30539042F7DBE3C00243833 /* Preview Assets.xcassets */ = {isa = PBXFileReference; lastKnownFileType = folder.assetcatalog; path = "Preview Assets.xcassets"; sourceTree = "<group>"; };
		C305390B2F7DBECE00243833 /* BreatheView.swift */ = {isa = PBXFileReference; fileEncoding = 4; lastKnownFileType = sourcecode.swift; name = BreatheView.swift; path = "../../../Downloads/HealthyCampus3-main/HealthyCampus-Main-2/BreatheView.swift"; sourceTree = "<group>"; };
		C305390E2F7DBEF300243833 /* MainView.swift */ = {isa = PBXFileReference; fileEncoding = 4; lastKnownFileType = sourcecode.swift; name = MainView.swift; path = "../../../Downloads/HealthyCampus3-main/HealthyCampus-Main-2/MainView.swift"; sourceTree = "<group>"; };
		C30539102F7DC12F00243833 /* ChaTvIEW.swift */ = {isa = PBXFileReference; fileEncoding = 4; lastKnownFileType = sourcecode.swift; name = ChaTvIEW.swift; path = "../../../Downloads/HealthyCampus3-main-2/HealthyCampus-Main-2/ChaTvIEW.swift"; sourceTree = "<group>"; };
		C30539122F7DC28100243833 /* ExerciseView.swift */ = {isa = PBXFileReference; fileEncoding = 4; lastKnownFileType = sourcecode.swift; name = ExerciseView.swift; path = "../../../Downloads/HealthyCampus3-main-2/HealthyCampus-Main-2/ExerciseView.swift"; sourceTree = "<group>"; };
		C30539142F7DC2A000243833 /* SleepView.swift */ = {isa = PBXFileReference; fileEncoding = 4; lastKnownFileType = sourcecode.swift; name = SleepView.swift; path = "../../../Downloads/HealthyCampus3-main-2/HealthyCampus-Main-2/SleepView.swift"; sourceTree = "<group>"; };
		C30539162F7DC2AC00243833 /* SplashView.swift */ = {isa = PBXFileReference; fileEncoding = 4; lastKnownFileType = sourcecode.swift; name = SplashView.swift; path = "../../../Downloads/HealthyCampus3-main-2/HealthyCampus-Main-2/SplashView.swift"; sourceTree = "<group>"; };
		C30539182F7DC2B700243833 /* StressorLogView.swift */ = {isa = PBXFileReference; fileEncoding = 4; lastKnownFileType = sourcecode.swift; name = StressorLogView.swift; path = "../../../Downloads/HealthyCampus3-main-2/HealthyCampus-Main-2/StressorLogView.swift"; sourceTree = "<group>"; };
		C305391A2F7DC2E500243833 /* ContentView.swift */ = {isa = PBXFileReference; fileEncoding = 4; lastKnownFileType = sourcecode.swift; name = ContentView.swift; path = "../../../Downloads/HealthyCampus3-main-2/HealthyCampus-Main-2/ContentView.swift"; sourceTree = "<group>"; };
/* End PBXFileReference section */

/* Begin PBXFrameworksBuildPhase section */
		C30538F72F7DBE3200243833 /* Frameworks */ = {
			isa = PBXFrameworksBuildPhase;
			buildActionMask = 2147483647;
			files = (
			);
			runOnlyForDeploymentPostprocessing = 0;
		};
/* End PBXFrameworksBuildPhase section */

/* Begin PBXGroup section */
		C30538F12F7DBE3200243833 = {
			isa = PBXGroup;
			children = (
				C30538FC2F7DBE3200243833 /* HealthyCampus-4 */,
				C30538FB2F7DBE3200243833 /* Products */,
			);
			sourceTree = "<group>";
		};
		C30538FB2F7DBE3200243833 /* Products */ = {
			isa = PBXGroup;
			children = (
				C30538FA2F7DBE3200243833 /* HealthyCampus-4.app */,
			);
			name = Products;
			sourceTree = "<group>";
		};
		C30538FC2F7DBE3200243833 /* HealthyCampus-4 */ = {
			isa = PBXGroup;
			children = (
				C30538FD2F7DBE3200243833 /* HealthyCampus_4App.swift */,
				C305391A2F7DC2E500243833 /* ContentView.swift */,
				C305390B2F7DBECE00243833 /* BreatheView.swift */,
				C305390E2F7DBEF300243833 /* MainView.swift */,
				C30539102F7DC12F00243833 /* ChaTvIEW.swift */,
				C30539122F7DC28100243833 /* ExerciseView.swift */,
				C30539142F7DC2A000243833 /* SleepView.swift */,
				C30539162F7DC2AC00243833 /* SplashView.swift */,
				C30539182F7DC2B700243833 /* StressorLogView.swift */,
				C30539012F7DBE3C00243833 /* Assets.xcassets */,
				C30539032F7DBE3C00243833 /* Preview Content */,
			);
			path = "HealthyCampus-4";
			sourceTree = "<group>";
		};
		C30539032F7DBE3C00243833 /* Preview Content */ = {
			isa = PBXGroup;
			children = (
				C30539042F7DBE3C00243833 /* Preview Assets.xcassets */,
			);
			path = "Preview Content";
			sourceTree = "<group>";
		};
/* End PBXGroup section */

/* Begin PBXNativeTarget section */
		C30538F92F7DBE3200243833 /* HealthyCampus-4 */ = {
			isa = PBXNativeTarget;
			buildConfigurationList = C30539082F7DBE3C00243833 /* Build configuration list for PBXNativeTarget "HealthyCampus-4" */;
			buildPhases = (
				C30538F62F7DBE3200243833 /* Sources */,
				C30538F72F7DBE3200243833 /* Frameworks */,
				C30538F82F7DBE3200243833 /* Resources */,
			);
			buildRules = (
			);
			dependencies = (
			);
			name = "HealthyCampus-4";
			productName = "HealthyCampus-4";
			productReference = C30538FA2F7DBE3200243833 /* HealthyCampus-4.app */;
			productType = "com.apple.product-type.application";
		};
/* End PBXNativeTarget section */

/* Begin PBXProject section */
		C30538F22F7DBE3200243833 /* Project object */ = {
			isa = PBXProject;
			attributes = {
				BuildIndependentTargetsInParallel = 1;
				LastSwiftUpdateCheck = 1530;
				LastUpgradeCheck = 1530;
				TargetAttributes = {
					C30538F92F7DBE3200243833 = {
						CreatedOnToolsVersion = 15.3;
					};
				};
			};
			buildConfigurationList = C30538F52F7DBE3200243833 /* Build configuration list for PBXProject "HealthyCampus-4" */;
			compatibilityVersion = "Xcode 14.0";
			developmentRegion = en;
			hasScannedForEncodings = 0;
			knownRegions = (
				en,
				Base,
			);
			mainGroup = C30538F12F7DBE3200243833;
			productRefGroup = C30538FB2F7DBE3200243833 /* Products */;
			projectDirPath = "";
			projectRoot = "";
			targets = (
				C30538F92F7DBE3200243833 /* HealthyCampus-4 */,
			);
		};
/* End PBXProject section */

/* Begin PBXResourcesBuildPhase section */
		C30538F82F7DBE3200243833 /* Resources */ = {
			isa = PBXResourcesBuildPhase;
			buildActionMask = 2147483647;
			files = (
				C30539052F7DBE3C00243833 /* Preview Assets.xcassets in Resources */,
				C30539022F7DBE3C00243833 /* Assets.xcassets in Resources */,
			);
			runOnlyForDeploymentPostprocessing = 0;
		};
/* End PBXResourcesBuildPhase section */

/* Begin PBXSourcesBuildPhase section */
		C30538F62F7DBE3200243833 /* Sources */ = {
			isa = PBXSourcesBuildPhase;
			buildActionMask = 2147483647;
			files = (
				C30539132F7DC28200243833 /* ExerciseView.swift in Sources */,
				C30539172F7DC2AD00243833 /* SplashView.swift in Sources */,
				C30539152F7DC2A000243833 /* SleepView.swift in Sources */,
				C30539112F7DC12F00243833 /* ChaTvIEW.swift in Sources */,
				C305390F2F7DBEF300243833 /* MainView.swift in Sources */,
				C305391B2F7DC2E500243833 /* ContentView.swift in Sources */,
				C30539192F7DC2B800243833 /* StressorLogView.swift in Sources */,
				C305390C2F7DBECE00243833 /* BreatheView.swift in Sources */,
				C30538FE2F7DBE3200243833 /* HealthyCampus_4App.swift in Sources */,
			);
			runOnlyForDeploymentPostprocessing = 0;
		};
/* End PBXSourcesBuildPhase section */

/* Begin XCBuildConfiguration section */
		C30539062F7DBE3C00243833 /* Debug */ = {
			isa = XCBuildConfiguration;
			buildSettings = {
				ALWAYS_SEARCH_USER_PATHS = NO;
				ASSETCATALOG_COMPILER_GENERATE_SWIFT_ASSET_SYMBOL_EXTENSIONS = YES;
				CLANG_ANALYZER_NONNULL = YES;
				CLANG_ANALYZER_NUMBER_OBJECT_CONVERSION = YES_AGGRESSIVE;
				CLANG_CXX_LANGUAGE_STANDARD = "gnu++20";
				CLANG_ENABLE_MODULES = YES;
				CLANG_ENABLE_OBJC_ARC = YES;
				CLANG_ENABLE_OBJC_WEAK = YES;
				CLANG_WARN_BLOCK_CAPTURE_AUTORELEASING = YES;
				CLANG_WARN_BOOL_CONVERSION = YES;
				CLANG_WARN_COMMA = YES;
				CLANG_WARN_CONSTANT_CONVERSION = YES;
				CLANG_WARN_DEPRECATED_OBJC_IMPLEMENTATIONS = YES;
				CLANG_WARN_DIRECT_OBJC_ISA_USAGE = YES_ERROR;
				CLANG_WARN_DOCUMENTATION_COMMENTS = YES;
				CLANG_WARN_EMPTY_BODY = YES;
				CLANG_WARN_ENUM_CONVERSION = YES;
				CLANG_WARN_INFINITE_RECURSION = YES;
				CLANG_WARN_INT_CONVERSION = YES;
				CLANG_WARN_NON_LITERAL_NULL_CONVERSION = YES;
				CLANG_WARN_OBJC_IMPLICIT_RETAIN_SELF = YES;
				CLANG_WARN_OBJC_LITERAL_CONVERSION = YES;
				CLANG_WARN_OBJC_ROOT_CLASS = YES_ERROR;
				CLANG_WARN_QUOTED_INCLUDE_IN_FRAMEWORK_HEADER = YES;
				CLANG_WARN_RANGE_LOOP_ANALYSIS = YES;
				CLANG_WARN_STRICT_PROTOTYPES = YES;
				CLANG_WARN_SUSPICIOUS_MOVE = YES;
				CLANG_WARN_UNGUARDED_AVAILABILITY = YES_AGGRESSIVE;
				CLANG_WARN_UNREACHABLE_CODE = YES;
				CLANG_WARN__DUPLICATE_METHOD_MATCH = YES;
				COPY_PHASE_STRIP = NO;
				DEBUG_INFORMATION_FORMAT = dwarf;
				ENABLE_STRICT_OBJC_MSGSEND = YES;
				ENABLE_TESTABILITY = YES;
				ENABLE_USER_SCRIPT_SANDBOXING = YES;
				GCC_C_LANGUAGE_STANDARD = gnu17;
				GCC_DYNAMIC_NO_PIC = NO;
				GCC_NO_COMMON_BLOCKS = YES;
				GCC_OPTIMIZATION_LEVEL = 0;
				GCC_PREPROCESSOR_DEFINITIONS = (
					"DEBUG=1",
					"$(inherited)",
				);
				GCC_WARN_64_TO_32_BIT_CONVERSION = YES;
				GCC_WARN_ABOUT_RETURN_TYPE = YES_ERROR;
				GCC_WARN_UNDECLARED_SELECTOR = YES;
				GCC_WARN_UNINITIALIZED_AUTOS = YES_AGGRESSIVE;
				GCC_WARN_UNUSED_FUNCTION = YES;
				GCC_WARN_UNUSED_VARIABLE = YES;
				IPHONEOS_DEPLOYMENT_TARGET = 17.4;
				LOCALIZATION_PREFERS_STRING_CATALOGS = YES;
				MTL_ENABLE_DEBUG_INFO = INCLUDE_SOURCE;
				MTL_FAST_MATH = YES;
				ONLY_ACTIVE_ARCH = YES;
				SDKROOT = iphoneos;
				SWIFT_ACTIVE_COMPILATION_CONDITIONS = "DEBUG $(inherited)";
				SWIFT_OPTIMIZATION_LEVEL = "-Onone";
			};
			name = Debug;
		};
		C30539072F7DBE3C00243833 /* Release */ = {
			isa = XCBuildConfiguration;
			buildSettings = {
				ALWAYS_SEARCH_USER_PATHS = NO;
				ASSETCATALOG_COMPILER_GENERATE_SWIFT_ASSET_SYMBOL_EXTENSIONS = YES;
				CLANG_ANALYZER_NONNULL = YES;
				CLANG_ANALYZER_NUMBER_OBJECT_CONVERSION = YES_AGGRESSIVE;
				CLANG_CXX_LANGUAGE_STANDARD = "gnu++20";
				CLANG_ENABLE_MODULES = YES;
				CLANG_ENABLE_OBJC_ARC = YES;
				CLANG_ENABLE_OBJC_WEAK = YES;
				CLANG_WARN_BLOCK_CAPTURE_AUTORELEASING = YES;
				CLANG_WARN_BOOL_CONVERSION = YES;
				CLANG_WARN_COMMA = YES;
				CLANG_WARN_CONSTANT_CONVERSION = YES;
				CLANG_WARN_DEPRECATED_OBJC_IMPLEMENTATIONS = YES;
				CLANG_WARN_DIRECT_OBJC_ISA_USAGE = YES_ERROR;
				CLANG_WARN_DOCUMENTATION_COMMENTS = YES;
				CLANG_WARN_EMPTY_BODY = YES;
				CLANG_WARN_ENUM_CONVERSION = YES;
				CLANG_WARN_INFINITE_RECURSION = YES;
				CLANG_WARN_INT_CONVERSION = YES;
				CLANG_WARN_NON_LITERAL_NULL_CONVERSION = YES;
				CLANG_WARN_OBJC_IMPLICIT_RETAIN_SELF = YES;
				CLANG_WARN_OBJC_LITERAL_CONVERSION = YES;
				CLANG_WARN_OBJC_ROOT_CLASS = YES_ERROR;
				CLANG_WARN_QUOTED_INCLUDE_IN_FRAMEWORK_HEADER = YES;
				CLANG_WARN_RANGE_LOOP_ANALYSIS = YES;
				CLANG_WARN_STRICT_PROTOTYPES = YES;
				CLANG_WARN_SUSPICIOUS_MOVE = YES;
				CLANG_WARN_UNGUARDED_AVAILABILITY = YES_AGGRESSIVE;
				CLANG_WARN_UNREACHABLE_CODE = YES;
				CLANG_WARN__DUPLICATE_METHOD_MATCH = YES;
				COPY_PHASE_STRIP = NO;
				DEBUG_INFORMATION_FORMAT = "dwarf-with-dsym";
				ENABLE_NS_ASSERTIONS = NO;
				ENABLE_STRICT_OBJC_MSGSEND = YES;
				ENABLE_USER_SCRIPT_SANDBOXING = YES;
				GCC_C_LANGUAGE_STANDARD = gnu17;
				GCC_NO_COMMON_BLOCKS = YES;
				GCC_WARN_64_TO_32_BIT_CONVERSION = YES;
				GCC_WARN_ABOUT_RETURN_TYPE = YES_ERROR;
				GCC_WARN_UNDECLARED_SELECTOR = YES;
				GCC_WARN_UNINITIALIZED_AUTOS = YES_AGGRESSIVE;
				GCC_WARN_UNUSED_FUNCTION = YES;
				GCC_WARN_UNUSED_VARIABLE = YES;
				IPHONEOS_DEPLOYMENT_TARGET = 17.4;
				LOCALIZATION_PREFERS_STRING_CATALOGS = YES;
				MTL_ENABLE_DEBUG_INFO = NO;
				MTL_FAST_MATH = YES;
				SDKROOT = iphoneos;
				SWIFT_COMPILATION_MODE = wholemodule;
				VALIDATE_PRODUCT = YES;
			};
			name = Release;
		};
		C30539092F7DBE3C00243833 /* Debug */ = {
			isa = XCBuildConfiguration;
			buildSettings = {
				ASSETCATALOG_COMPILER_APPICON_NAME = AppIcon;
				ASSETCATALOG_COMPILER_GLOBAL_ACCENT_COLOR_NAME = AccentColor;
				CODE_SIGN_STYLE = Automatic;
				CURRENT_PROJECT_VERSION = 1;
				DEVELOPMENT_ASSET_PATHS = "\"HealthyCampus-4/Preview Content\"";
				ENABLE_PREVIEWS = YES;
				GENERATE_INFOPLIST_FILE = YES;
				INFOPLIST_KEY_UIApplicationSceneManifest_Generation = YES;
				INFOPLIST_KEY_UIApplicationSupportsIndirectInputEvents = YES;
				INFOPLIST_KEY_UILaunchScreen_Generation = YES;
				INFOPLIST_KEY_UISupportedInterfaceOrientations_iPad = "UIInterfaceOrientationPortrait UIInterfaceOrientationPortraitUpsideDown UIInterfaceOrientationLandscapeLeft UIInterfaceOrientationLandscapeRight";
				INFOPLIST_KEY_UISupportedInterfaceOrientations_iPhone = "UIInterfaceOrientationPortrait UIInterfaceOrientationLandscapeLeft UIInterfaceOrientationLandscapeRight";
				LD_RUNPATH_SEARCH_PATHS = (
					"$(inherited)",
					"@executable_path/Frameworks",
				);
				MARKETING_VERSION = 1.0;
				PRODUCT_BUNDLE_IDENTIFIER = "JamesCo2.HealthyCampus-4";
				PRODUCT_NAME = "$(TARGET_NAME)";
				SWIFT_EMIT_LOC_STRINGS = YES;
				SWIFT_VERSION = 5.0;
				TARGETED_DEVICE_FAMILY = "1,2";
			};
			name = Debug;
		};
		C305390A2F7DBE3C00243833 /* Release */ = {
			isa = XCBuildConfiguration;
			buildSettings = {
				ASSETCATALOG_COMPILER_APPICON_NAME = AppIcon;
				ASSETCATALOG_COMPILER_GLOBAL_ACCENT_COLOR_NAME = AccentColor;
				CODE_SIGN_STYLE = Automatic;
				CURRENT_PROJECT_VERSION = 1;
				DEVELOPMENT_ASSET_PATHS = "\"HealthyCampus-4/Preview Content\"";
				ENABLE_PREVIEWS = YES;
				GENERATE_INFOPLIST_FILE = YES;
				INFOPLIST_KEY_UIApplicationSceneManifest_Generation = YES;
				INFOPLIST_KEY_UIApplicationSupportsIndirectInputEvents = YES;
				INFOPLIST_KEY_UILaunchScreen_Generation = YES;
				INFOPLIST_KEY_UISupportedInterfaceOrientations_iPad = "UIInterfaceOrientationPortrait UIInterfaceOrientationPortraitUpsideDown UIInterfaceOrientationLandscapeLeft UIInterfaceOrientationLandscapeRight";
				INFOPLIST_KEY_UISupportedInterfaceOrientations_iPhone = "UIInterfaceOrientationPortrait UIInterfaceOrientationLandscapeLeft UIInterfaceOrientationLandscapeRight";
				LD_RUNPATH_SEARCH_PATHS = (
					"$(inherited)",
					"@executable_path/Frameworks",
				);
				MARKETING_VERSION = 1.0;
				PRODUCT_BUNDLE_IDENTIFIER = "JamesCo2.HealthyCampus-4";
				PRODUCT_NAME = "$(TARGET_NAME)";
				SWIFT_EMIT_LOC_STRINGS = YES;
				SWIFT_VERSION = 5.0;
				TARGETED_DEVICE_FAMILY = "1,2";
			};
			name = Release;
		};
/* End XCBuildConfiguration section */

/* Begin XCConfigurationList section */
		C30538F52F7DBE3200243833 /* Build configuration list for PBXProject "HealthyCampus-4" */ = {
			isa = XCConfigurationList;
			buildConfigurations = (
				C30539062F7DBE3C00243833 /* Debug */,
				C30539072F7DBE3C00243833 /* Release */,
			);
			defaultConfigurationIsVisible = 0;
			defaultConfigurationName = Release;
		};
		C30539082F7DBE3C00243833 /* Build configuration list for PBXNativeTarget "HealthyCampus-4" */ = {
			isa = XCConfigurationList;
			buildConfigurations = (
				C30539092F7DBE3C00243833 /* Debug */,
				C305390A2F7DBE3C00243833 /* Release */,
			);
			defaultConfigurationIsVisible = 0;
			defaultConfigurationName = Release;
		};
/* End XCConfigurationList section */
	};
	rootObject = C30538F22F7DBE3200243833 /* Project object */;
}
